
Microsoft Visual Studio Solution File, Format Version 12.00
# Visual Studio Version 17
VisualStudioVersion = 17.10.34916.146
MinimumVisualStudioVersion = 10.0.40219.1
Project("{FAE04EC0-301F-11D3-BF4B-00C04F79EFBC}") = "Sorting Algorithm Heapsort", "Sorting Algorithm Heapsort\Sorting Algorithm Heapsort.csproj", "{3B37DD02-CFF3-4894-8890-716F9999DCE4}"
EndProject
Global
	GlobalSection(SolutionConfigurationPlatforms) = preSolution
		Debug|Any CPU = Debug|Any CPU
		Release|Any CPU = Release|Any CPU
	EndGlobalSection
	GlobalSection(ProjectConfigurationPlatforms) = postSolution
		{3B37DD02-CFF3-4894-8890-716F9999DCE4}.Debug|Any CPU.ActiveCfg = Debug|Any CPU
		{3B37DD02-CFF3-4894-8890-716F9999DCE4}.Debug|Any CPU.Build.0 = Debug|Any CPU
		{3B37DD02-CFF3-4894-8890-716F9999DCE4}.Release|Any CPU.ActiveCfg = Release|Any CPU
		{3B37DD02-CFF3-4894-8890-716F9999DCE4}.Release|Any CPU.Build.0 = Release|Any CPU
	EndGlobalSection
	GlobalSection(SolutionProperties) = preSolution
		HideSolutionNode = FALSE
	EndGlobalSection
	GlobalSection(ExtensibilityGlobals) = postSolution
		SolutionGuid = {B9399A13-0354-4770-A73C-C80A53CAAFA3}
	EndGlobalSection
EndGlobal
